// !$*UTF8*$!
{
	archiveVersion = 1;
	classes = {
	};
	objectVersion = 56;
	objects = {

/* Begin PBXBuildFile section */
		1AB51AB42B8ADC5100A80A88 /* Onboarding.swift in Sources */ = {isa = PBXBuildFile; fileRef = 1AB51AB32B8ADC5100A80A88 /* Onboarding.swift */; };
		73CFAA2C2B92485F005E48A7 /* LeaderView.swift in Sources */ = {isa = PBXBuildFile; fileRef = 73CFAA2B2B92485F005E48A7 /* LeaderView.swift */; };
		73CFAA2E2B92653F005E48A7 /* Utils.swift in Sources */ = {isa = PBXBuildFile; fileRef = 73CFAA2D2B92653F005E48A7 /* Utils.swift */; };
		73CFAA302B927DB3005E48A7 /* test.swift in Sources */ = {isa = PBXBuildFile; fileRef = 73CFAA2F2B927DB3005E48A7 /* test.swift */; };
		73CFAA322B92A9DD005E48A7 /* PostsLeaderView.swift in Sources */ = {isa = PBXBuildFile; fileRef = 73CFAA312B92A9DD005E48A7 /* PostsLeaderView.swift */; };
		73CFAA342B92A9F5005E48A7 /* ComplaintsLeaderView.swift in Sources */ = {isa = PBXBuildFile; fileRef = 73CFAA332B92A9F5005E48A7 /* ComplaintsLeaderView.swift */; };
		73CFAA362B9301F9005E48A7 /* ReunionsLeaderView.swift in Sources */ = {isa = PBXBuildFile; fileRef = 73CFAA352B9301F9005E48A7 /* ReunionsLeaderView.swift */; };
		73CFAA382B936F61005E48A7 /* LeaderMoreInfoView.swift in Sources */ = {isa = PBXBuildFile; fileRef = 73CFAA372B936F61005E48A7 /* LeaderMoreInfoView.swift */; };
		9B4471192B96784B009CD897 /* AnnotationInputView.swift in Sources */ = {isa = PBXBuildFile; fileRef = 9B4471182B96784B009CD897 /* AnnotationInputView.swift */; };
		9B78C0AA2B8BD383003B8323 /* ProfileView.swift in Sources */ = {isa = PBXBuildFile; fileRef = 9B78C0A92B8BD383003B8323 /* ProfileView.swift */; };
		9B78C0AD2B8BD3C4003B8323 /* TabBarItem.swift in Sources */ = {isa = PBXBuildFile; fileRef = 9B78C0AC2B8BD3C4003B8323 /* TabBarItem.swift */; };
		9B78C0B12B8BD403003B8323 /* ProfileTabBarView.swift in Sources */ = {isa = PBXBuildFile; fileRef = 9B78C0B02B8BD403003B8323 /* ProfileTabBarView.swift */; };
		9B78C0B32B8BD42D003B8323 /* StatisticsView.swift in Sources */ = {isa = PBXBuildFile; fileRef = 9B78C0B22B8BD42D003B8323 /* StatisticsView.swift */; };
		9B78C0B72B8BD479003B8323 /* HexagonParameters.swift in Sources */ = {isa = PBXBuildFile; fileRef = 9B78C0B62B8BD479003B8323 /* HexagonParameters.swift */; };
		9B78C0B92B8BD4A4003B8323 /* BadgeBackground.swift in Sources */ = {isa = PBXBuildFile; fileRef = 9B78C0B82B8BD4A4003B8323 /* BadgeBackground.swift */; };
		9B78C0BB2B8BD4BA003B8323 /* BadgeSymbol.swift in Sources */ = {isa = PBXBuildFile; fileRef = 9B78C0BA2B8BD4BA003B8323 /* BadgeSymbol.swift */; };
		9B78C0BD2B8BD4DB003B8323 /* RotatedBadgeSymbol.swift in Sources */ = {isa = PBXBuildFile; fileRef = 9B78C0BC2B8BD4DB003B8323 /* RotatedBadgeSymbol.swift */; };
		9B78C0BF2B8BD4F6003B8323 /* Badge.swift in Sources */ = {isa = PBXBuildFile; fileRef = 9B78C0BE2B8BD4F6003B8323 /* Badge.swift */; };
		9B78C0C12B8BD512003B8323 /* BadgeProtocol.swift in Sources */ = {isa = PBXBuildFile; fileRef = 9B78C0C02B8BD512003B8323 /* BadgeProtocol.swift */; };
		9B78C0C32B8BD53C003B8323 /* BadgesView.swift in Sources */ = {isa = PBXBuildFile; fileRef = 9B78C0C22B8BD53C003B8323 /* BadgesView.swift */; };
		9BB126E32B94A708007E5E86 /* LocationManager.swift in Sources */ = {isa = PBXBuildFile; fileRef = 9BB126E22B94A708007E5E86 /* LocationManager.swift */; };
		9BB126E52B94A73E007E5E86 /* AnnotationModel.swift in Sources */ = {isa = PBXBuildFile; fileRef = 9BB126E42B94A73E007E5E86 /* AnnotationModel.swift */; };
		9BB126E72B94A75B007E5E86 /* MapView.swift in Sources */ = {isa = PBXBuildFile; fileRef = 9BB126E62B94A75B007E5E86 /* MapView.swift */; };
		9BB126E92B94A93F007E5E86 /* AnnotationDetailView.swift in Sources */ = {isa = PBXBuildFile; fileRef = 9BB126E82B94A93F007E5E86 /* AnnotationDetailView.swift */; };
		9BD6943A2B8BD7C20014AD5C /* FeedView.swift in Sources */ = {isa = PBXBuildFile; fileRef = 9BD694392B8BD7C20014AD5C /* FeedView.swift */; };
		9BD6943D2B8BD7E10014AD5C /* ChallengeProtocol.swift in Sources */ = {isa = PBXBuildFile; fileRef = 9BD6943C2B8BD7E10014AD5C /* ChallengeProtocol.swift */; };
		9BD6943F2B8BD8340014AD5C /* BaseChallengeClass.swift in Sources */ = {isa = PBXBuildFile; fileRef = 9BD6943E2B8BD8340014AD5C /* BaseChallengeClass.swift */; };
		9BD694412B8BD8850014AD5C /* DailyChallenge.swift in Sources */ = {isa = PBXBuildFile; fileRef = 9BD694402B8BD8850014AD5C /* DailyChallenge.swift */; };
		9BD694432B8BD8940014AD5C /* WeeklyChallenge.swift in Sources */ = {isa = PBXBuildFile; fileRef = 9BD694422B8BD8940014AD5C /* WeeklyChallenge.swift */; };
		9BD694452B8BD8B00014AD5C /* MonthlyChallenge.swift in Sources */ = {isa = PBXBuildFile; fileRef = 9BD694442B8BD8B00014AD5C /* MonthlyChallenge.swift */; };
		9BD694472B8BD8C30014AD5C /* ChallengesView.swift in Sources */ = {isa = PBXBuildFile; fileRef = 9BD694462B8BD8C30014AD5C /* ChallengesView.swift */; };
		9BD694492B8BD8D10014AD5C /* ChallengeInfoView.swift in Sources */ = {isa = PBXBuildFile; fileRef = 9BD694482B8BD8D10014AD5C /* ChallengeInfoView.swift */; };
		9BD6944C2B8BD8FB0014AD5C /* CameraHome.swift in Sources */ = {isa = PBXBuildFile; fileRef = 9BD6944B2B8BD8FB0014AD5C /* CameraHome.swift */; };
		9BD6944E2B8BD9130014AD5C /* CameraView.swift in Sources */ = {isa = PBXBuildFile; fileRef = 9BD6944D2B8BD9130014AD5C /* CameraView.swift */; };
		9BD694502B8BD92B0014AD5C /* CameraViewModel.swift in Sources */ = {isa = PBXBuildFile; fileRef = 9BD6944F2B8BD92B0014AD5C /* CameraViewModel.swift */; };
		9BD694522B8BD94B0014AD5C /* MainScreenView.swift in Sources */ = {isa = PBXBuildFile; fileRef = 9BD694512B8BD94B0014AD5C /* MainScreenView.swift */; };
		9BD694542B8BDB750014AD5C /* MainTabBarItem.swift in Sources */ = {isa = PBXBuildFile; fileRef = 9BD694532B8BDB750014AD5C /* MainTabBarItem.swift */; };
		9BD694582B8BDC210014AD5C /* MainTabBarContainerView.swift in Sources */ = {isa = PBXBuildFile; fileRef = 9BD694572B8BDC210014AD5C /* MainTabBarContainerView.swift */; };
		9BD6945A2B8BDC580014AD5C /* MainTabBarItemPreferenceKey.swift in Sources */ = {isa = PBXBuildFile; fileRef = 9BD694592B8BDC580014AD5C /* MainTabBarItemPreferenceKey.swift */; };
		9BD6945E2B8BDCAC0014AD5C /* MainTabBarView.swift in Sources */ = {isa = PBXBuildFile; fileRef = 9BD6945D2B8BDCAC0014AD5C /* MainTabBarView.swift */; };
		9BD694622B8BE12D0014AD5C /* SettingsView.swift in Sources */ = {isa = PBXBuildFile; fileRef = 9BD694612B8BE12D0014AD5C /* SettingsView.swift */; };
		A13256902B8D13530067EAD0 /* PasswordReset.swift in Sources */ = {isa = PBXBuildFile; fileRef = A132568F2B8D13530067EAD0 /* PasswordReset.swift */; };
		A13256922B8D45FD0067EAD0 /* TermsAndConditions.swift in Sources */ = {isa = PBXBuildFile; fileRef = A13256912B8D45FD0067EAD0 /* TermsAndConditions.swift */; };
		A1817FD12B8BB6E1002B428D /* RegistrationView.swift in Sources */ = {isa = PBXBuildFile; fileRef = A1817FD02B8BB6E1002B428D /* RegistrationView.swift */; };
		A1817FD32B8BB928002B428D /* AuthHeaderView.swift in Sources */ = {isa = PBXBuildFile; fileRef = A1817FD22B8BB928002B428D /* AuthHeaderView.swift */; };
		A1817FD52B8BB947002B428D /* CustomInputFile.swift in Sources */ = {isa = PBXBuildFile; fileRef = A1817FD42B8BB947002B428D /* CustomInputFile.swift */; };
		A19F94102B87A13D001A31B6 /* echoApp.swift in Sources */ = {isa = PBXBuildFile; fileRef = A19F940F2B87A13D001A31B6 /* echoApp.swift */; };
		A19F94142B87A13F001A31B6 /* Assets.xcassets in Resources */ = {isa = PBXBuildFile; fileRef = A19F94132B87A13F001A31B6 /* Assets.xcassets */; };
		A19F94172B87A13F001A31B6 /* Preview Assets.xcassets in Resources */ = {isa = PBXBuildFile; fileRef = A19F94162B87A13F001A31B6 /* Preview Assets.xcassets */; };
		A19F94212B87A140001A31B6 /* echoTests.swift in Sources */ = {isa = PBXBuildFile; fileRef = A19F94202B87A140001A31B6 /* echoTests.swift */; };
		A19F942B2B87A140001A31B6 /* echoUITests.swift in Sources */ = {isa = PBXBuildFile; fileRef = A19F942A2B87A140001A31B6 /* echoUITests.swift */; };
		A19F942D2B87A140001A31B6 /* echoUITestsLaunchTests.swift in Sources */ = {isa = PBXBuildFile; fileRef = A19F942C2B87A140001A31B6 /* echoUITestsLaunchTests.swift */; };
		A19F943A2B87A14E001A31B6 /* LaunchScreen.swift in Sources */ = {isa = PBXBuildFile; fileRef = A19F94392B87A14E001A31B6 /* LaunchScreen.swift */; };
		A19F943C2B87A18F001A31B6 /* LoginView.swift in Sources */ = {isa = PBXBuildFile; fileRef = A19F943B2B87A18F001A31B6 /* LoginView.swift */; };
/* End PBXBuildFile section */

/* Begin PBXContainerItemProxy section */
		A19F941D2B87A140001A31B6 /* PBXContainerItemProxy */ = {
			isa = PBXContainerItemProxy;
			containerPortal = A19F94042B87A13D001A31B6 /* Project object */;
			proxyType = 1;
			remoteGlobalIDString = A19F940B2B87A13D001A31B6;
			remoteInfo = echo;
		};
		A19F94272B87A140001A31B6 /* PBXContainerItemProxy */ = {
			isa = PBXContainerItemProxy;
			containerPortal = A19F94042B87A13D001A31B6 /* Project object */;
			proxyType = 1;
			remoteGlobalIDString = A19F940B2B87A13D001A31B6;
			remoteInfo = echo;
		};
/* End PBXContainerItemProxy section */

/* Begin PBXFileReference section */
		1AB51AB32B8ADC5100A80A88 /* Onboarding.swift */ = {isa = PBXFileReference; lastKnownFileType = sourcecode.swift; path = Onboarding.swift; sourceTree = "<group>"; };
		73CFAA2B2B92485F005E48A7 /* LeaderView.swift */ = {isa = PBXFileReference; lastKnownFileType = sourcecode.swift; path = LeaderView.swift; sourceTree = "<group>"; };
		73CFAA2D2B92653F005E48A7 /* Utils.swift */ = {isa = PBXFileReference; lastKnownFileType = sourcecode.swift; path = Utils.swift; sourceTree = "<group>"; };
		73CFAA2F2B927DB3005E48A7 /* test.swift */ = {isa = PBXFileReference; lastKnownFileType = sourcecode.swift; path = test.swift; sourceTree = "<group>"; };
		73CFAA312B92A9DD005E48A7 /* PostsLeaderView.swift */ = {isa = PBXFileReference; lastKnownFileType = sourcecode.swift; path = PostsLeaderView.swift; sourceTree = "<group>"; };
		73CFAA332B92A9F5005E48A7 /* ComplaintsLeaderView.swift */ = {isa = PBXFileReference; lastKnownFileType = sourcecode.swift; path = ComplaintsLeaderView.swift; sourceTree = "<group>"; };
		73CFAA352B9301F9005E48A7 /* ReunionsLeaderView.swift */ = {isa = PBXFileReference; lastKnownFileType = sourcecode.swift; path = ReunionsLeaderView.swift; sourceTree = "<group>"; };
		73CFAA372B936F61005E48A7 /* LeaderMoreInfoView.swift */ = {isa = PBXFileReference; lastKnownFileType = sourcecode.swift; path = LeaderMoreInfoView.swift; sourceTree = "<group>"; };
		9B4471182B96784B009CD897 /* AnnotationInputView.swift */ = {isa = PBXFileReference; lastKnownFileType = sourcecode.swift; path = AnnotationInputView.swift; sourceTree = "<group>"; };
		9B78C0A92B8BD383003B8323 /* ProfileView.swift */ = {isa = PBXFileReference; lastKnownFileType = sourcecode.swift; path = ProfileView.swift; sourceTree = "<group>"; };
		9B78C0AC2B8BD3C4003B8323 /* TabBarItem.swift */ = {isa = PBXFileReference; lastKnownFileType = sourcecode.swift; path = TabBarItem.swift; sourceTree = "<group>"; };
		9B78C0B02B8BD403003B8323 /* ProfileTabBarView.swift */ = {isa = PBXFileReference; lastKnownFileType = sourcecode.swift; path = ProfileTabBarView.swift; sourceTree = "<group>"; };
		9B78C0B22B8BD42D003B8323 /* StatisticsView.swift */ = {isa = PBXFileReference; lastKnownFileType = sourcecode.swift; path = StatisticsView.swift; sourceTree = "<group>"; };
		9B78C0B62B8BD479003B8323 /* HexagonParameters.swift */ = {isa = PBXFileReference; lastKnownFileType = sourcecode.swift; path = HexagonParameters.swift; sourceTree = "<group>"; };
		9B78C0B82B8BD4A4003B8323 /* BadgeBackground.swift */ = {isa = PBXFileReference; lastKnownFileType = sourcecode.swift; path = BadgeBackground.swift; sourceTree = "<group>"; };
		9B78C0BA2B8BD4BA003B8323 /* BadgeSymbol.swift */ = {isa = PBXFileReference; lastKnownFileType = sourcecode.swift; path = BadgeSymbol.swift; sourceTree = "<group>"; };
		9B78C0BC2B8BD4DB003B8323 /* RotatedBadgeSymbol.swift */ = {isa = PBXFileReference; lastKnownFileType = sourcecode.swift; path = RotatedBadgeSymbol.swift; sourceTree = "<group>"; };
		9B78C0BE2B8BD4F6003B8323 /* Badge.swift */ = {isa = PBXFileReference; lastKnownFileType = sourcecode.swift; path = Badge.swift; sourceTree = "<group>"; };
		9B78C0C02B8BD512003B8323 /* BadgeProtocol.swift */ = {isa = PBXFileReference; lastKnownFileType = sourcecode.swift; path = BadgeProtocol.swift; sourceTree = "<group>"; };
		9B78C0C22B8BD53C003B8323 /* BadgesView.swift */ = {isa = PBXFileReference; lastKnownFileType = sourcecode.swift; path = BadgesView.swift; sourceTree = "<group>"; };
		9BB126E22B94A708007E5E86 /* LocationManager.swift */ = {isa = PBXFileReference; lastKnownFileType = sourcecode.swift; path = LocationManager.swift; sourceTree = "<group>"; };
		9BB126E42B94A73E007E5E86 /* AnnotationModel.swift */ = {isa = PBXFileReference; lastKnownFileType = sourcecode.swift; path = AnnotationModel.swift; sourceTree = "<group>"; };
		9BB126E62B94A75B007E5E86 /* MapView.swift */ = {isa = PBXFileReference; lastKnownFileType = sourcecode.swift; path = MapView.swift; sourceTree = "<group>"; };
		9BB126E82B94A93F007E5E86 /* AnnotationDetailView.swift */ = {isa = PBXFileReference; lastKnownFileType = sourcecode.swift; path = AnnotationDetailView.swift; sourceTree = "<group>"; };
		9BD694392B8BD7C20014AD5C /* FeedView.swift */ = {isa = PBXFileReference; lastKnownFileType = sourcecode.swift; path = FeedView.swift; sourceTree = "<group>"; };
		9BD6943C2B8BD7E10014AD5C /* ChallengeProtocol.swift */ = {isa = PBXFileReference; lastKnownFileType = sourcecode.swift; path = ChallengeProtocol.swift; sourceTree = "<group>"; };
		9BD6943E2B8BD8340014AD5C /* BaseChallengeClass.swift */ = {isa = PBXFileReference; lastKnownFileType = sourcecode.swift; path = BaseChallengeClass.swift; sourceTree = "<group>"; };
		9BD694402B8BD8850014AD5C /* DailyChallenge.swift */ = {isa = PBXFileReference; lastKnownFileType = sourcecode.swift; path = DailyChallenge.swift; sourceTree = "<group>"; };
		9BD694422B8BD8940014AD5C /* WeeklyChallenge.swift */ = {isa = PBXFileReference; lastKnownFileType = sourcecode.swift; path = WeeklyChallenge.swift; sourceTree = "<group>"; };
		9BD694442B8BD8B00014AD5C /* MonthlyChallenge.swift */ = {isa = PBXFileReference; lastKnownFileType = sourcecode.swift; path = MonthlyChallenge.swift; sourceTree = "<group>"; };
		9BD694462B8BD8C30014AD5C /* ChallengesView.swift */ = {isa = PBXFileReference; lastKnownFileType = sourcecode.swift; path = ChallengesView.swift; sourceTree = "<group>"; };
		9BD694482B8BD8D10014AD5C /* ChallengeInfoView.swift */ = {isa = PBXFileReference; lastKnownFileType = sourcecode.swift; path = ChallengeInfoView.swift; sourceTree = "<group>"; };
		9BD6944B2B8BD8FB0014AD5C /* CameraHome.swift */ = {isa = PBXFileReference; lastKnownFileType = sourcecode.swift; path = CameraHome.swift; sourceTree = "<group>"; };
		9BD6944D2B8BD9130014AD5C /* CameraView.swift */ = {isa = PBXFileReference; lastKnownFileType = sourcecode.swift; path = CameraView.swift; sourceTree = "<group>"; };
		9BD6944F2B8BD92B0014AD5C /* CameraViewModel.swift */ = {isa = PBXFileReference; lastKnownFileType = sourcecode.swift; path = CameraViewModel.swift; sourceTree = "<group>"; };
		9BD694512B8BD94B0014AD5C /* MainScreenView.swift */ = {isa = PBXFileReference; lastKnownFileType = sourcecode.swift; path = MainScreenView.swift; sourceTree = "<group>"; };
		9BD694532B8BDB750014AD5C /* MainTabBarItem.swift */ = {isa = PBXFileReference; lastKnownFileType = sourcecode.swift; path = MainTabBarItem.swift; sourceTree = "<group>"; };
		9BD694572B8BDC210014AD5C /* MainTabBarContainerView.swift */ = {isa = PBXFileReference; lastKnownFileType = sourcecode.swift; path = MainTabBarContainerView.swift; sourceTree = "<group>"; };
		9BD694592B8BDC580014AD5C /* MainTabBarItemPreferenceKey.swift */ = {isa = PBXFileReference; lastKnownFileType = sourcecode.swift; path = MainTabBarItemPreferenceKey.swift; sourceTree = "<group>"; };
		9BD6945D2B8BDCAC0014AD5C /* MainTabBarView.swift */ = {isa = PBXFileReference; lastKnownFileType = sourcecode.swift; path = MainTabBarView.swift; sourceTree = "<group>"; };
		9BD694612B8BE12D0014AD5C /* SettingsView.swift */ = {isa = PBXFileReference; lastKnownFileType = sourcecode.swift; path = SettingsView.swift; sourceTree = "<group>"; };
		A132568F2B8D13530067EAD0 /* PasswordReset.swift */ = {isa = PBXFileReference; lastKnownFileType = sourcecode.swift; path = PasswordReset.swift; sourceTree = "<group>"; };
		A13256912B8D45FD0067EAD0 /* TermsAndConditions.swift */ = {isa = PBXFileReference; lastKnownFileType = sourcecode.swift; path = TermsAndConditions.swift; sourceTree = "<group>"; };
		A1817FD02B8BB6E1002B428D /* RegistrationView.swift */ = {isa = PBXFileReference; lastKnownFileType = sourcecode.swift; path = RegistrationView.swift; sourceTree = "<group>"; };
		A1817FD22B8BB928002B428D /* AuthHeaderView.swift */ = {isa = PBXFileReference; lastKnownFileType = sourcecode.swift; path = AuthHeaderView.swift; sourceTree = "<group>"; };
		A1817FD42B8BB947002B428D /* CustomInputFile.swift */ = {isa = PBXFileReference; lastKnownFileType = sourcecode.swift; path = CustomInputFile.swift; sourceTree = "<group>"; };
		A19F940C2B87A13D001A31B6 /* echo.app */ = {isa = PBXFileReference; explicitFileType = wrapper.application; includeInIndex = 0; path = echo.app; sourceTree = BUILT_PRODUCTS_DIR; };
		A19F940F2B87A13D001A31B6 /* echoApp.swift */ = {isa = PBXFileReference; lastKnownFileType = sourcecode.swift; path = echoApp.swift; sourceTree = "<group>"; };
		A19F94132B87A13F001A31B6 /* Assets.xcassets */ = {isa = PBXFileReference; lastKnownFileType = folder.assetcatalog; path = Assets.xcassets; sourceTree = "<group>"; };
		A19F94162B87A13F001A31B6 /* Preview Assets.xcassets */ = {isa = PBXFileReference; lastKnownFileType = folder.assetcatalog; path = "Preview Assets.xcassets"; sourceTree = "<group>"; };
		A19F941C2B87A140001A31B6 /* echoTests.xctest */ = {isa = PBXFileReference; explicitFileType = wrapper.cfbundle; includeInIndex = 0; path = echoTests.xctest; sourceTree = BUILT_PRODUCTS_DIR; };
		A19F94202B87A140001A31B6 /* echoTests.swift */ = {isa = PBXFileReference; lastKnownFileType = sourcecode.swift; path = echoTests.swift; sourceTree = "<group>"; };
		A19F94262B87A140001A31B6 /* echoUITests.xctest */ = {isa = PBXFileReference; explicitFileType = wrapper.cfbundle; includeInIndex = 0; path = echoUITests.xctest; sourceTree = BUILT_PRODUCTS_DIR; };
		A19F942A2B87A140001A31B6 /* echoUITests.swift */ = {isa = PBXFileReference; lastKnownFileType = sourcecode.swift; path = echoUITests.swift; sourceTree = "<group>"; };
		A19F942C2B87A140001A31B6 /* echoUITestsLaunchTests.swift */ = {isa = PBXFileReference; lastKnownFileType = sourcecode.swift; path = echoUITestsLaunchTests.swift; sourceTree = "<group>"; };
		A19F94392B87A14E001A31B6 /* LaunchScreen.swift */ = {isa = PBXFileReference; lastKnownFileType = sourcecode.swift; path = LaunchScreen.swift; sourceTree = "<group>"; };
		A19F943B2B87A18F001A31B6 /* LoginView.swift */ = {isa = PBXFileReference; lastKnownFileType = sourcecode.swift; path = LoginView.swift; sourceTree = "<group>"; };
/* End PBXFileReference section */

/* Begin PBXFrameworksBuildPhase section */
		A19F94092B87A13D001A31B6 /* Frameworks */ = {
			isa = PBXFrameworksBuildPhase;
			buildActionMask = 2147483647;
			files = (
			);
			runOnlyForDeploymentPostprocessing = 0;
		};
		A19F94192B87A140001A31B6 /* Frameworks */ = {
			isa = PBXFrameworksBuildPhase;
			buildActionMask = 2147483647;
			files = (
			);
			runOnlyForDeploymentPostprocessing = 0;
		};
		A19F94232B87A140001A31B6 /* Frameworks */ = {
			isa = PBXFrameworksBuildPhase;
			buildActionMask = 2147483647;
			files = (
			);
			runOnlyForDeploymentPostprocessing = 0;
		};
/* End PBXFrameworksBuildPhase section */

/* Begin PBXGroup section */
		73CFAA2A2B924808005E48A7 /* LeaderView */ = {
			isa = PBXGroup;
			children = (
				73CFAA2B2B92485F005E48A7 /* LeaderView.swift */,
				73CFAA372B936F61005E48A7 /* LeaderMoreInfoView.swift */,
				73CFAA312B92A9DD005E48A7 /* PostsLeaderView.swift */,
				73CFAA332B92A9F5005E48A7 /* ComplaintsLeaderView.swift */,
				73CFAA352B9301F9005E48A7 /* ReunionsLeaderView.swift */,
				73CFAA2F2B927DB3005E48A7 /* test.swift */,
			);
			path = LeaderView;
			sourceTree = "<group>";
		};
		9B78C0A82B8BD31B003B8323 /* Profile */ = {
			isa = PBXGroup;
			children = (
				9B78C0B42B8BD44D003B8323 /* BadgesView */,
				9B78C0A92B8BD383003B8323 /* ProfileView.swift */,
				9B78C0B22B8BD42D003B8323 /* StatisticsView.swift */,
			);
			path = Profile;
			sourceTree = "<group>";
		};
		9B78C0AB2B8BD3B2003B8323 /* TabBar */ = {
			isa = PBXGroup;
			children = (
				9BD694562B8BDC010014AD5C /* MainTabBar */,
				9BD694552B8BDBF30014AD5C /* ProfileTabBar */,
			);
			path = TabBar;
			sourceTree = "<group>";
		};
		9B78C0B42B8BD44D003B8323 /* BadgesView */ = {
			isa = PBXGroup;
			children = (
				9B78C0B52B8BD45A003B8323 /* Badges */,
				9B78C0C22B8BD53C003B8323 /* BadgesView.swift */,
			);
			path = BadgesView;
			sourceTree = "<group>";
		};
		9B78C0B52B8BD45A003B8323 /* Badges */ = {
			isa = PBXGroup;
			children = (
				9B78C0B62B8BD479003B8323 /* HexagonParameters.swift */,
				9B78C0B82B8BD4A4003B8323 /* BadgeBackground.swift */,
				9B78C0BA2B8BD4BA003B8323 /* BadgeSymbol.swift */,
				9B78C0BC2B8BD4DB003B8323 /* RotatedBadgeSymbol.swift */,
				9B78C0BE2B8BD4F6003B8323 /* Badge.swift */,
				9B78C0C02B8BD512003B8323 /* BadgeProtocol.swift */,
			);
			path = Badges;
			sourceTree = "<group>";
		};
		9BB126E12B94A6E8007E5E86 /* MapView */ = {
			isa = PBXGroup;
			children = (
				9BB126E22B94A708007E5E86 /* LocationManager.swift */,
				9BB126E42B94A73E007E5E86 /* AnnotationModel.swift */,
				9BB126E62B94A75B007E5E86 /* MapView.swift */,
				9BB126E82B94A93F007E5E86 /* AnnotationDetailView.swift */,
				9B4471182B96784B009CD897 /* AnnotationInputView.swift */,
			);
			path = MapView;
			sourceTree = "<group>";
		};
		9BD694382B8BD7A70014AD5C /* MainView */ = {
			isa = PBXGroup;
			children = (
				9BD6943B2B8BD7D10014AD5C /* Challenge */,
				9BD694392B8BD7C20014AD5C /* FeedView.swift */,
				9BD694512B8BD94B0014AD5C /* MainScreenView.swift */,
			);
			path = MainView;
			sourceTree = "<group>";
		};
		9BD6943B2B8BD7D10014AD5C /* Challenge */ = {
			isa = PBXGroup;
			children = (
				9BD6944A2B8BD8EA0014AD5C /* Camera */,
				9BD6943C2B8BD7E10014AD5C /* ChallengeProtocol.swift */,
				9BD6943E2B8BD8340014AD5C /* BaseChallengeClass.swift */,
				9BD694402B8BD8850014AD5C /* DailyChallenge.swift */,
				9BD694422B8BD8940014AD5C /* WeeklyChallenge.swift */,
				9BD694442B8BD8B00014AD5C /* MonthlyChallenge.swift */,
				9BD694462B8BD8C30014AD5C /* ChallengesView.swift */,
				9BD694482B8BD8D10014AD5C /* ChallengeInfoView.swift */,
			);
			path = Challenge;
			sourceTree = "<group>";
		};
		9BD6944A2B8BD8EA0014AD5C /* Camera */ = {
			isa = PBXGroup;
			children = (
				9BD6944B2B8BD8FB0014AD5C /* CameraHome.swift */,
				9BD6944D2B8BD9130014AD5C /* CameraView.swift */,
				9BD6944F2B8BD92B0014AD5C /* CameraViewModel.swift */,
			);
			path = Camera;
			sourceTree = "<group>";
		};
		9BD694552B8BDBF30014AD5C /* ProfileTabBar */ = {
			isa = PBXGroup;
			children = (
				9B78C0B02B8BD403003B8323 /* ProfileTabBarView.swift */,
				9B78C0AC2B8BD3C4003B8323 /* TabBarItem.swift */,
			);
			path = ProfileTabBar;
			sourceTree = "<group>";
		};
		9BD694562B8BDC010014AD5C /* MainTabBar */ = {
			isa = PBXGroup;
			children = (
				9BD694532B8BDB750014AD5C /* MainTabBarItem.swift */,
				9BD694572B8BDC210014AD5C /* MainTabBarContainerView.swift */,
				9BD694592B8BDC580014AD5C /* MainTabBarItemPreferenceKey.swift */,
				9BD6945D2B8BDCAC0014AD5C /* MainTabBarView.swift */,
			);
			path = MainTabBar;
			sourceTree = "<group>";
		};
		A17FCD732B8BEF3500B3D7CA /* AuthAndOnboarding */ = {
			isa = PBXGroup;
			children = (
				A1817FD22B8BB928002B428D /* AuthHeaderView.swift */,
				A1817FD42B8BB947002B428D /* CustomInputFile.swift */,
				A1817FD02B8BB6E1002B428D /* RegistrationView.swift */,
				A13256912B8D45FD0067EAD0 /* TermsAndConditions.swift */,
				A19F943B2B87A18F001A31B6 /* LoginView.swift */,
				1AB51AB32B8ADC5100A80A88 /* Onboarding.swift */,
				A19F94392B87A14E001A31B6 /* LaunchScreen.swift */,
				A132568F2B8D13530067EAD0 /* PasswordReset.swift */,
			);
			path = AuthAndOnboarding;
			sourceTree = "<group>";
		};
		A19F94032B87A13D001A31B6 = {
			isa = PBXGroup;
			children = (
				A19F940E2B87A13D001A31B6 /* echo */,
				A19F941F2B87A140001A31B6 /* echoTests */,
				A19F94292B87A140001A31B6 /* echoUITests */,
				A19F940D2B87A13D001A31B6 /* Products */,
			);
			sourceTree = "<group>";
		};
		A19F940D2B87A13D001A31B6 /* Products */ = {
			isa = PBXGroup;
			children = (
				A19F940C2B87A13D001A31B6 /* echo.app */,
				A19F941C2B87A140001A31B6 /* echoTests.xctest */,
				A19F94262B87A140001A31B6 /* echoUITests.xctest */,
			);
			name = Products;
			sourceTree = "<group>";
		};
		A19F940E2B87A13D001A31B6 /* echo */ = {
			isa = PBXGroup;
			children = (
				9BB126E12B94A6E8007E5E86 /* MapView */,
				73CFAA2D2B92653F005E48A7 /* Utils.swift */,
				A17FCD732B8BEF3500B3D7CA /* AuthAndOnboarding */,
				A19F940F2B87A13D001A31B6 /* echoApp.swift */,
				73CFAA2A2B924808005E48A7 /* LeaderView */,
				9BD694382B8BD7A70014AD5C /* MainView */,
				9B78C0A82B8BD31B003B8323 /* Profile */,
				9B78C0AB2B8BD3B2003B8323 /* TabBar */,
				A19F94132B87A13F001A31B6 /* Assets.xcassets */,
				A19F94152B87A13F001A31B6 /* Preview Content */,
				9BD694612B8BE12D0014AD5C /* SettingsView.swift */,
			);
			path = echo;
			sourceTree = "<group>";
		};
		A19F94152B87A13F001A31B6 /* Preview Content */ = {
			isa = PBXGroup;
			children = (
				A19F94162B87A13F001A31B6 /* Preview Assets.xcassets */,
			);
			path = "Preview Content";
			sourceTree = "<group>";
		};
		A19F941F2B87A140001A31B6 /* echoTests */ = {
			isa = PBXGroup;
			children = (
				A19F94202B87A140001A31B6 /* echoTests.swift */,
			);
			path = echoTests;
			sourceTree = "<group>";
		};
		A19F94292B87A140001A31B6 /* echoUITests */ = {
			isa = PBXGroup;
			children = (
				A19F942A2B87A140001A31B6 /* echoUITests.swift */,
				A19F942C2B87A140001A31B6 /* echoUITestsLaunchTests.swift */,
			);
			path = echoUITests;
			sourceTree = "<group>";
		};
/* End PBXGroup section */

/* Begin PBXNativeTarget section */
		A19F940B2B87A13D001A31B6 /* echo */ = {
			isa = PBXNativeTarget;
			buildConfigurationList = A19F94302B87A140001A31B6 /* Build configuration list for PBXNativeTarget "echo" */;
			buildPhases = (
				A19F94082B87A13D001A31B6 /* Sources */,
				A19F94092B87A13D001A31B6 /* Frameworks */,
				A19F940A2B87A13D001A31B6 /* Resources */,
			);
			buildRules = (
			);
			dependencies = (
			);
			name = echo;
			productName = echo;
			productReference = A19F940C2B87A13D001A31B6 /* echo.app */;
			productType = "com.apple.product-type.application";
		};
		A19F941B2B87A140001A31B6 /* echoTests */ = {
			isa = PBXNativeTarget;
			buildConfigurationList = A19F94332B87A140001A31B6 /* Build configuration list for PBXNativeTarget "echoTests" */;
			buildPhases = (
				A19F94182B87A140001A31B6 /* Sources */,
				A19F94192B87A140001A31B6 /* Frameworks */,
				A19F941A2B87A140001A31B6 /* Resources */,
			);
			buildRules = (
			);
			dependencies = (
				A19F941E2B87A140001A31B6 /* PBXTargetDependency */,
			);
			name = echoTests;
			productName = echoTests;
			productReference = A19F941C2B87A140001A31B6 /* echoTests.xctest */;
			productType = "com.apple.product-type.bundle.unit-test";
		};
		A19F94252B87A140001A31B6 /* echoUITests */ = {
			isa = PBXNativeTarget;
			buildConfigurationList = A19F94362B87A140001A31B6 /* Build configuration list for PBXNativeTarget "echoUITests" */;
			buildPhases = (
				A19F94222B87A140001A31B6 /* Sources */,
				A19F94232B87A140001A31B6 /* Frameworks */,
				A19F94242B87A140001A31B6 /* Resources */,
			);
			buildRules = (
			);
			dependencies = (
				A19F94282B87A140001A31B6 /* PBXTargetDependency */,
			);
			name = echoUITests;
			productName = echoUITests;
			productReference = A19F94262B87A140001A31B6 /* echoUITests.xctest */;
			productType = "com.apple.product-type.bundle.ui-testing";
		};
/* End PBXNativeTarget section */

/* Begin PBXProject section */
		A19F94042B87A13D001A31B6 /* Project object */ = {
			isa = PBXProject;
			attributes = {
				BuildIndependentTargetsInParallel = 1;
				LastSwiftUpdateCheck = 1500;
				LastUpgradeCheck = 1500;
				TargetAttributes = {
					A19F940B2B87A13D001A31B6 = {
						CreatedOnToolsVersion = 15.0;
					};
					A19F941B2B87A140001A31B6 = {
						CreatedOnToolsVersion = 15.0;
						TestTargetID = A19F940B2B87A13D001A31B6;
					};
					A19F94252B87A140001A31B6 = {
						CreatedOnToolsVersion = 15.0;
						TestTargetID = A19F940B2B87A13D001A31B6;
					};
				};
			};
			buildConfigurationList = A19F94072B87A13D001A31B6 /* Build configuration list for PBXProject "echo" */;
			compatibilityVersion = "Xcode 14.0";
			developmentRegion = en;
			hasScannedForEncodings = 0;
			knownRegions = (
				en,
				Base,
			);
			mainGroup = A19F94032B87A13D001A31B6;
			productRefGroup = A19F940D2B87A13D001A31B6 /* Products */;
			projectDirPath = "";
			projectRoot = "";
			targets = (
				A19F940B2B87A13D001A31B6 /* echo */,
				A19F941B2B87A140001A31B6 /* echoTests */,
				A19F94252B87A140001A31B6 /* echoUITests */,
			);
		};
/* End PBXProject section */

/* Begin PBXResourcesBuildPhase section */
		A19F940A2B87A13D001A31B6 /* Resources */ = {
			isa = PBXResourcesBuildPhase;
			buildActionMask = 2147483647;
			files = (
				A19F94172B87A13F001A31B6 /* Preview Assets.xcassets in Resources */,
				A19F94142B87A13F001A31B6 /* Assets.xcassets in Resources */,
			);
			runOnlyForDeploymentPostprocessing = 0;
		};
		A19F941A2B87A140001A31B6 /* Resources */ = {
			isa = PBXResourcesBuildPhase;
			buildActionMask = 2147483647;
			files = (
			);
			runOnlyForDeploymentPostprocessing = 0;
		};
		A19F94242B87A140001A31B6 /* Resources */ = {
			isa = PBXResourcesBuildPhase;
			buildActionMask = 2147483647;
			files = (
			);
			runOnlyForDeploymentPostprocessing = 0;
		};
/* End PBXResourcesBuildPhase section */

/* Begin PBXSourcesBuildPhase section */
		A19F94082B87A13D001A31B6 /* Sources */ = {
			isa = PBXSourcesBuildPhase;
			buildActionMask = 2147483647;
			files = (
				9BD694472B8BD8C30014AD5C /* ChallengesView.swift in Sources */,
				9B78C0B72B8BD479003B8323 /* HexagonParameters.swift in Sources */,
				9B78C0C12B8BD512003B8323 /* BadgeProtocol.swift in Sources */,
				9BD6944E2B8BD9130014AD5C /* CameraView.swift in Sources */,
				9BD694502B8BD92B0014AD5C /* CameraViewModel.swift in Sources */,
				73CFAA2E2B92653F005E48A7 /* Utils.swift in Sources */,
				9BD694622B8BE12D0014AD5C /* SettingsView.swift in Sources */,
				9B78C0AA2B8BD383003B8323 /* ProfileView.swift in Sources */,
				A13256902B8D13530067EAD0 /* PasswordReset.swift in Sources */,
				9B78C0AD2B8BD3C4003B8323 /* TabBarItem.swift in Sources */,
				9BD694412B8BD8850014AD5C /* DailyChallenge.swift in Sources */,
				A19F94102B87A13D001A31B6 /* echoApp.swift in Sources */,
				9BD694492B8BD8D10014AD5C /* ChallengeInfoView.swift in Sources */,
				73CFAA302B927DB3005E48A7 /* test.swift in Sources */,
				9BB126E92B94A93F007E5E86 /* AnnotationDetailView.swift in Sources */,
				9B4471192B96784B009CD897 /* AnnotationInputView.swift in Sources */,
				9BB126E52B94A73E007E5E86 /* AnnotationModel.swift in Sources */,
				73CFAA382B936F61005E48A7 /* LeaderMoreInfoView.swift in Sources */,
				9B78C0BD2B8BD4DB003B8323 /* RotatedBadgeSymbol.swift in Sources */,
				9BD6943A2B8BD7C20014AD5C /* FeedView.swift in Sources */,
				9BB126E32B94A708007E5E86 /* LocationManager.swift in Sources */,
				9B78C0BB2B8BD4BA003B8323 /* BadgeSymbol.swift in Sources */,
				9BD6945A2B8BDC580014AD5C /* MainTabBarItemPreferenceKey.swift in Sources */,
				9B78C0C32B8BD53C003B8323 /* BadgesView.swift in Sources */,
				9BD694522B8BD94B0014AD5C /* MainScreenView.swift in Sources */,
				9B78C0BF2B8BD4F6003B8323 /* Badge.swift in Sources */,
				1AB51AB42B8ADC5100A80A88 /* Onboarding.swift in Sources */,
				73CFAA362B9301F9005E48A7 /* ReunionsLeaderView.swift in Sources */,
				9BD694452B8BD8B00014AD5C /* MonthlyChallenge.swift in Sources */,
				9B78C0B32B8BD42D003B8323 /* StatisticsView.swift in Sources */,
				9B78C0B12B8BD403003B8323 /* ProfileTabBarView.swift in Sources */,
				73CFAA342B92A9F5005E48A7 /* ComplaintsLeaderView.swift in Sources */,
				9BD6943D2B8BD7E10014AD5C /* ChallengeProtocol.swift in Sources */,
				9BD6945E2B8BDCAC0014AD5C /* MainTabBarView.swift in Sources */,
				9BD694542B8BDB750014AD5C /* MainTabBarItem.swift in Sources */,
				73CFAA2C2B92485F005E48A7 /* LeaderView.swift in Sources */,
				9BD6944C2B8BD8FB0014AD5C /* CameraHome.swift in Sources */,
				9BD6943F2B8BD8340014AD5C /* BaseChallengeClass.swift in Sources */,
				A1817FD52B8BB947002B428D /* CustomInputFile.swift in Sources */,
				A1817FD12B8BB6E1002B428D /* RegistrationView.swift in Sources */,
				73CFAA322B92A9DD005E48A7 /* PostsLeaderView.swift in Sources */,
				9BB126E72B94A75B007E5E86 /* MapView.swift in Sources */,
				A19F943C2B87A18F001A31B6 /* LoginView.swift in Sources */,
				A19F943A2B87A14E001A31B6 /* LaunchScreen.swift in Sources */,
				9B78C0B92B8BD4A4003B8323 /* BadgeBackground.swift in Sources */,
				9BD694432B8BD8940014AD5C /* WeeklyChallenge.swift in Sources */,
				A1817FD32B8BB928002B428D /* AuthHeaderView.swift in Sources */,
				9BD694582B8BDC210014AD5C /* MainTabBarContainerView.swift in Sources */,
				A13256922B8D45FD0067EAD0 /* TermsAndConditions.swift in Sources */,
			);
			runOnlyForDeploymentPostprocessing = 0;
		};
		A19F94182B87A140001A31B6 /* Sources */ = {
			isa = PBXSourcesBuildPhase;
			buildActionMask = 2147483647;
			files = (
				A19F94212B87A140001A31B6 /* echoTests.swift in Sources */,
			);
			runOnlyForDeploymentPostprocessing = 0;
		};
		A19F94222B87A140001A31B6 /* Sources */ = {
			isa = PBXSourcesBuildPhase;
			buildActionMask = 2147483647;
			files = (
				A19F942B2B87A140001A31B6 /* echoUITests.swift in Sources */,
				A19F942D2B87A140001A31B6 /* echoUITestsLaunchTests.swift in Sources */,
			);
			runOnlyForDeploymentPostprocessing = 0;
		};
/* End PBXSourcesBuildPhase section */

/* Begin PBXTargetDependency section */
		A19F941E2B87A140001A31B6 /* PBXTargetDependency */ = {
			isa = PBXTargetDependency;
			target = A19F940B2B87A13D001A31B6 /* echo */;
			targetProxy = A19F941D2B87A140001A31B6 /* PBXContainerItemProxy */;
		};
		A19F94282B87A140001A31B6 /* PBXTargetDependency */ = {
			isa = PBXTargetDependency;
			target = A19F940B2B87A13D001A31B6 /* echo */;
			targetProxy = A19F94272B87A140001A31B6 /* PBXContainerItemProxy */;
		};
/* End PBXTargetDependency section */

/* Begin XCBuildConfiguration section */
		A19F942E2B87A140001A31B6 /* Debug */ = {
			isa = XCBuildConfiguration;
			buildSettings = {
				ALWAYS_SEARCH_USER_PATHS = NO;
				ASSETCATALOG_COMPILER_GENERATE_SWIFT_ASSET_SYMBOL_EXTENSIONS = YES;
				CLANG_ANALYZER_NONNULL = YES;
				CLANG_ANALYZER_NUMBER_OBJECT_CONVERSION = YES_AGGRESSIVE;
				CLANG_CXX_LANGUAGE_STANDARD = "gnu++20";
				CLANG_ENABLE_MODULES = YES;
				CLANG_ENABLE_OBJC_ARC = YES;
				CLANG_ENABLE_OBJC_WEAK = YES;
				CLANG_WARN_BLOCK_CAPTURE_AUTORELEASING = YES;
				CLANG_WARN_BOOL_CONVERSION = YES;
				CLANG_WARN_COMMA = YES;
				CLANG_WARN_CONSTANT_CONVERSION = YES;
				CLANG_WARN_DEPRECATED_OBJC_IMPLEMENTATIONS = YES;
				CLANG_WARN_DIRECT_OBJC_ISA_USAGE = YES_ERROR;
				CLANG_WARN_DOCUMENTATION_COMMENTS = YES;
				CLANG_WARN_EMPTY_BODY = YES;
				CLANG_WARN_ENUM_CONVERSION = YES;
				CLANG_WARN_INFINITE_RECURSION = YES;
				CLANG_WARN_INT_CONVERSION = YES;
				CLANG_WARN_NON_LITERAL_NULL_CONVERSION = YES;
				CLANG_WARN_OBJC_IMPLICIT_RETAIN_SELF = YES;
				CLANG_WARN_OBJC_LITERAL_CONVERSION = YES;
				CLANG_WARN_OBJC_ROOT_CLASS = YES_ERROR;
				CLANG_WARN_QUOTED_INCLUDE_IN_FRAMEWORK_HEADER = YES;
				CLANG_WARN_RANGE_LOOP_ANALYSIS = YES;
				CLANG_WARN_STRICT_PROTOTYPES = YES;
				CLANG_WARN_SUSPICIOUS_MOVE = YES;
				CLANG_WARN_UNGUARDED_AVAILABILITY = YES_AGGRESSIVE;
				CLANG_WARN_UNREACHABLE_CODE = YES;
				CLANG_WARN__DUPLICATE_METHOD_MATCH = YES;
				COPY_PHASE_STRIP = NO;
				DEBUG_INFORMATION_FORMAT = dwarf;
				ENABLE_STRICT_OBJC_MSGSEND = YES;
				ENABLE_TESTABILITY = YES;
				ENABLE_USER_SCRIPT_SANDBOXING = YES;
				GCC_C_LANGUAGE_STANDARD = gnu17;
				GCC_DYNAMIC_NO_PIC = NO;
				GCC_NO_COMMON_BLOCKS = YES;
				GCC_OPTIMIZATION_LEVEL = 0;
				GCC_PREPROCESSOR_DEFINITIONS = (
					"DEBUG=1",
					"$(inherited)",
				);
				GCC_WARN_64_TO_32_BIT_CONVERSION = YES;
				GCC_WARN_ABOUT_RETURN_TYPE = YES_ERROR;
				GCC_WARN_UNDECLARED_SELECTOR = YES;
				GCC_WARN_UNINITIALIZED_AUTOS = YES_AGGRESSIVE;
				GCC_WARN_UNUSED_FUNCTION = YES;
				GCC_WARN_UNUSED_VARIABLE = YES;
				IPHONEOS_DEPLOYMENT_TARGET = 17.0;
				LOCALIZATION_PREFERS_STRING_CATALOGS = YES;
				MTL_ENABLE_DEBUG_INFO = INCLUDE_SOURCE;
				MTL_FAST_MATH = YES;
				ONLY_ACTIVE_ARCH = YES;
				SDKROOT = iphoneos;
				SWIFT_ACTIVE_COMPILATION_CONDITIONS = "DEBUG $(inherited)";
				SWIFT_OPTIMIZATION_LEVEL = "-Onone";
			};
			name = Debug;
		};
		A19F942F2B87A140001A31B6 /* Release */ = {
			isa = XCBuildConfiguration;
			buildSettings = {
				ALWAYS_SEARCH_USER_PATHS = NO;
				ASSETCATALOG_COMPILER_GENERATE_SWIFT_ASSET_SYMBOL_EXTENSIONS = YES;
				CLANG_ANALYZER_NONNULL = YES;
				CLANG_ANALYZER_NUMBER_OBJECT_CONVERSION = YES_AGGRESSIVE;
				CLANG_CXX_LANGUAGE_STANDARD = "gnu++20";
				CLANG_ENABLE_MODULES = YES;
				CLANG_ENABLE_OBJC_ARC = YES;
				CLANG_ENABLE_OBJC_WEAK = YES;
				CLANG_WARN_BLOCK_CAPTURE_AUTORELEASING = YES;
				CLANG_WARN_BOOL_CONVERSION = YES;
				CLANG_WARN_COMMA = YES;
				CLANG_WARN_CONSTANT_CONVERSION = YES;
				CLANG_WARN_DEPRECATED_OBJC_IMPLEMENTATIONS = YES;
				CLANG_WARN_DIRECT_OBJC_ISA_USAGE = YES_ERROR;
				CLANG_WARN_DOCUMENTATION_COMMENTS = YES;
				CLANG_WARN_EMPTY_BODY = YES;
				CLANG_WARN_ENUM_CONVERSION = YES;
				CLANG_WARN_INFINITE_RECURSION = YES;
				CLANG_WARN_INT_CONVERSION = YES;
				CLANG_WARN_NON_LITERAL_NULL_CONVERSION = YES;
				CLANG_WARN_OBJC_IMPLICIT_RETAIN_SELF = YES;
				CLANG_WARN_OBJC_LITERAL_CONVERSION = YES;
				CLANG_WARN_OBJC_ROOT_CLASS = YES_ERROR;
				CLANG_WARN_QUOTED_INCLUDE_IN_FRAMEWORK_HEADER = YES;
				CLANG_WARN_RANGE_LOOP_ANALYSIS = YES;
				CLANG_WARN_STRICT_PROTOTYPES = YES;
				CLANG_WARN_SUSPICIOUS_MOVE = YES;
				CLANG_WARN_UNGUARDED_AVAILABILITY = YES_AGGRESSIVE;
				CLANG_WARN_UNREACHABLE_CODE = YES;
				CLANG_WARN__DUPLICATE_METHOD_MATCH = YES;
				COPY_PHASE_STRIP = NO;
				DEBUG_INFORMATION_FORMAT = "dwarf-with-dsym";
				ENABLE_NS_ASSERTIONS = NO;
				ENABLE_STRICT_OBJC_MSGSEND = YES;
				ENABLE_USER_SCRIPT_SANDBOXING = YES;
				GCC_C_LANGUAGE_STANDARD = gnu17;
				GCC_NO_COMMON_BLOCKS = YES;
				GCC_WARN_64_TO_32_BIT_CONVERSION = YES;
				GCC_WARN_ABOUT_RETURN_TYPE = YES_ERROR;
				GCC_WARN_UNDECLARED_SELECTOR = YES;
				GCC_WARN_UNINITIALIZED_AUTOS = YES_AGGRESSIVE;
				GCC_WARN_UNUSED_FUNCTION = YES;
				GCC_WARN_UNUSED_VARIABLE = YES;
				IPHONEOS_DEPLOYMENT_TARGET = 17.0;
				LOCALIZATION_PREFERS_STRING_CATALOGS = YES;
				MTL_ENABLE_DEBUG_INFO = NO;
				MTL_FAST_MATH = YES;
				SDKROOT = iphoneos;
				SWIFT_COMPILATION_MODE = wholemodule;
				VALIDATE_PRODUCT = YES;
			};
			name = Release;
		};
		A19F94312B87A140001A31B6 /* Debug */ = {
			isa = XCBuildConfiguration;
			buildSettings = {
				ASSETCATALOG_COMPILER_APPICON_NAME = AppIcon;
				ASSETCATALOG_COMPILER_GLOBAL_ACCENT_COLOR_NAME = AccentColor;
				CODE_SIGN_STYLE = Automatic;
				CURRENT_PROJECT_VERSION = 1;
				DEVELOPMENT_ASSET_PATHS = "\"echo/Preview Content\"";
				DEVELOPMENT_TEAM = KS6DBFHYN6;
				ENABLE_PREVIEWS = YES;
				GENERATE_INFOPLIST_FILE = YES;
				INFOPLIST_KEY_UIApplicationSceneManifest_Generation = YES;
				INFOPLIST_KEY_UIApplicationSupportsIndirectInputEvents = YES;
				INFOPLIST_KEY_UILaunchScreen_Generation = YES;
				INFOPLIST_KEY_UISupportedInterfaceOrientations_iPad = "UIInterfaceOrientationPortrait UIInterfaceOrientationPortraitUpsideDown UIInterfaceOrientationLandscapeLeft UIInterfaceOrientationLandscapeRight";
				INFOPLIST_KEY_UISupportedInterfaceOrientations_iPhone = "UIInterfaceOrientationPortrait UIInterfaceOrientationLandscapeLeft UIInterfaceOrientationLandscapeRight";
				LD_RUNPATH_SEARCH_PATHS = (
					"$(inherited)",
					"@executable_path/Frameworks",
				);
				MARKETING_VERSION = 1.0;
				PRODUCT_BUNDLE_IDENTIFIER = com.Andy.echo;
				PRODUCT_NAME = "$(TARGET_NAME)";
				SWIFT_EMIT_LOC_STRINGS = YES;
				SWIFT_VERSION = 5.0;
				TARGETED_DEVICE_FAMILY = "1,2";
			};
			name = Debug;
		};
		A19F94322B87A140001A31B6 /* Release */ = {
			isa = XCBuildConfiguration;
			buildSettings = {
				ASSETCATALOG_COMPILER_APPICON_NAME = AppIcon;
				ASSETCATALOG_COMPILER_GLOBAL_ACCENT_COLOR_NAME = AccentColor;
				CODE_SIGN_STYLE = Automatic;
				CURRENT_PROJECT_VERSION = 1;
				DEVELOPMENT_ASSET_PATHS = "\"echo/Preview Content\"";
				DEVELOPMENT_TEAM = KS6DBFHYN6;
				ENABLE_PREVIEWS = YES;
				GENERATE_INFOPLIST_FILE = YES;
				INFOPLIST_KEY_UIApplicationSceneManifest_Generation = YES;
				INFOPLIST_KEY_UIApplicationSupportsIndirectInputEvents = YES;
				INFOPLIST_KEY_UILaunchScreen_Generation = YES;
				INFOPLIST_KEY_UISupportedInterfaceOrientations_iPad = "UIInterfaceOrientationPortrait UIInterfaceOrientationPortraitUpsideDown UIInterfaceOrientationLandscapeLeft UIInterfaceOrientationLandscapeRight";
				INFOPLIST_KEY_UISupportedInterfaceOrientations_iPhone = "UIInterfaceOrientationPortrait UIInterfaceOrientationLandscapeLeft UIInterfaceOrientationLandscapeRight";
				LD_RUNPATH_SEARCH_PATHS = (
					"$(inherited)",
					"@executable_path/Frameworks",
				);
				MARKETING_VERSION = 1.0;
				PRODUCT_BUNDLE_IDENTIFIER = com.Andy.echo;
				PRODUCT_NAME = "$(TARGET_NAME)";
				SWIFT_EMIT_LOC_STRINGS = YES;
				SWIFT_VERSION = 5.0;
				TARGETED_DEVICE_FAMILY = "1,2";
			};
			name = Release;
		};
		A19F94342B87A140001A31B6 /* Debug */ = {
			isa = XCBuildConfiguration;
			buildSettings = {
				ALWAYS_EMBED_SWIFT_STANDARD_LIBRARIES = YES;
				BUNDLE_LOADER = "$(TEST_HOST)";
				CODE_SIGN_STYLE = Automatic;
				CURRENT_PROJECT_VERSION = 1;
				DEVELOPMENT_TEAM = D99DB5VWR6;
				GENERATE_INFOPLIST_FILE = YES;
				IPHONEOS_DEPLOYMENT_TARGET = 17.0;
				MARKETING_VERSION = 1.0;
				PRODUCT_BUNDLE_IDENTIFIER = com.Andy.echoTests;
				PRODUCT_NAME = "$(TARGET_NAME)";
				SWIFT_EMIT_LOC_STRINGS = NO;
				SWIFT_VERSION = 5.0;
				TARGETED_DEVICE_FAMILY = "1,2";
				TEST_HOST = "$(BUILT_PRODUCTS_DIR)/echo.app/$(BUNDLE_EXECUTABLE_FOLDER_PATH)/echo";
			};
			name = Debug;
		};
		A19F94352B87A140001A31B6 /* Release */ = {
			isa = XCBuildConfiguration;
			buildSettings = {
				ALWAYS_EMBED_SWIFT_STANDARD_LIBRARIES = YES;
				BUNDLE_LOADER = "$(TEST_HOST)";
				CODE_SIGN_STYLE = Automatic;
				CURRENT_PROJECT_VERSION = 1;
				DEVELOPMENT_TEAM = D99DB5VWR6;
				GENERATE_INFOPLIST_FILE = YES;
				IPHONEOS_DEPLOYMENT_TARGET = 17.0;
				MARKETING_VERSION = 1.0;
				PRODUCT_BUNDLE_IDENTIFIER = com.Andy.echoTests;
				PRODUCT_NAME = "$(TARGET_NAME)";
				SWIFT_EMIT_LOC_STRINGS = NO;
				SWIFT_VERSION = 5.0;
				TARGETED_DEVICE_FAMILY = "1,2";
				TEST_HOST = "$(BUILT_PRODUCTS_DIR)/echo.app/$(BUNDLE_EXECUTABLE_FOLDER_PATH)/echo";
			};
			name = Release;
		};
		A19F94372B87A140001A31B6 /* Debug */ = {
			isa = XCBuildConfiguration;
			buildSettings = {
				ALWAYS_EMBED_SWIFT_STANDARD_LIBRARIES = YES;
				CODE_SIGN_STYLE = Automatic;
				CURRENT_PROJECT_VERSION = 1;
				DEVELOPMENT_TEAM = D99DB5VWR6;
				GENERATE_INFOPLIST_FILE = YES;
				MARKETING_VERSION = 1.0;
				PRODUCT_BUNDLE_IDENTIFIER = com.Andy.echoUITests;
				PRODUCT_NAME = "$(TARGET_NAME)";
				SWIFT_EMIT_LOC_STRINGS = NO;
				SWIFT_VERSION = 5.0;
				TARGETED_DEVICE_FAMILY = "1,2";
				TEST_TARGET_NAME = echo;
			};
			name = Debug;
		};
		A19F94382B87A140001A31B6 /* Release */ = {
			isa = XCBuildConfiguration;
			buildSettings = {
				ALWAYS_EMBED_SWIFT_STANDARD_LIBRARIES = YES;
				CODE_SIGN_STYLE = Automatic;
				CURRENT_PROJECT_VERSION = 1;
				DEVELOPMENT_TEAM = D99DB5VWR6;
				GENERATE_INFOPLIST_FILE = YES;
				MARKETING_VERSION = 1.0;
				PRODUCT_BUNDLE_IDENTIFIER = com.Andy.echoUITests;
				PRODUCT_NAME = "$(TARGET_NAME)";
				SWIFT_EMIT_LOC_STRINGS = NO;
				SWIFT_VERSION = 5.0;
				TARGETED_DEVICE_FAMILY = "1,2";
				TEST_TARGET_NAME = echo;
			};
			name = Release;
		};
/* End XCBuildConfiguration section */

/* Begin XCConfigurationList section */
		A19F94072B87A13D001A31B6 /* Build configuration list for PBXProject "echo" */ = {
			isa = XCConfigurationList;
			buildConfigurations = (
				A19F942E2B87A140001A31B6 /* Debug */,
				A19F942F2B87A140001A31B6 /* Release */,
			);
			defaultConfigurationIsVisible = 0;
			defaultConfigurationName = Release;
		};
		A19F94302B87A140001A31B6 /* Build configuration list for PBXNativeTarget "echo" */ = {
			isa = XCConfigurationList;
			buildConfigurations = (
				A19F94312B87A140001A31B6 /* Debug */,
				A19F94322B87A140001A31B6 /* Release */,
			);
			defaultConfigurationIsVisible = 0;
			defaultConfigurationName = Release;
		};
		A19F94332B87A140001A31B6 /* Build configuration list for PBXNativeTarget "echoTests" */ = {
			isa = XCConfigurationList;
			buildConfigurations = (
				A19F94342B87A140001A31B6 /* Debug */,
				A19F94352B87A140001A31B6 /* Release */,
			);
			defaultConfigurationIsVisible = 0;
			defaultConfigurationName = Release;
		};
		A19F94362B87A140001A31B6 /* Build configuration list for PBXNativeTarget "echoUITests" */ = {
			isa = XCConfigurationList;
			buildConfigurations = (
				A19F94372B87A140001A31B6 /* Debug */,
				A19F94382B87A140001A31B6 /* Release */,
			);
			defaultConfigurationIsVisible = 0;
			defaultConfigurationName = Release;
		};
/* End XCConfigurationList section */
	};
	rootObject = A19F94042B87A13D001A31B6 /* Project object */;
}
